// !$*UTF8*$!
{
	archiveVersion = 1;
	classes = {
	};
	objectVersion = 46;
	objects = {

/* Begin PBXBuildFile section */
		1915A4181F6178ED007B8036 /* libimobiledevice.6.dylib in Frameworks */ = {isa = PBXBuildFile; fileRef = 1915A4161F6178ED007B8036 /* libimobiledevice.6.dylib */; };
		1915A4191F6178ED007B8036 /* libplist.3.dylib in Frameworks */ = {isa = PBXBuildFile; fileRef = 1915A4171F6178ED007B8036 /* libplist.3.dylib */; };
		1915A41C1F61793B007B8036 /* libimobiledevice_node.cpp in Sources */ = {isa = PBXBuildFile; fileRef = 1915A41B1F61793B007B8036 /* libimobiledevice_node.cpp */; };
		1915A4231F618334007B8036 /* utils.c in Sources */ = {isa = PBXBuildFile; fileRef = 1915A4211F618334007B8036 /* utils.c */; };
		1915A4241F618334007B8036 /* utils.h in Headers */ = {isa = PBXBuildFile; fileRef = 1915A4221F618334007B8036 /* utils.h */; };
/* End PBXBuildFile section */

/* Begin PBXFileReference section */
		1915A3FA1F61789C007B8036 /* libimobiledevice-node.dylib */ = {isa = PBXFileReference; explicitFileType = "compiled.mach-o.dylib"; includeInIndex = 0; path = "libimobiledevice-node.dylib"; sourceTree = BUILT_PRODUCTS_DIR; };
		1915A4161F6178ED007B8036 /* libimobiledevice.6.dylib */ = {isa = PBXFileReference; lastKnownFileType = "compiled.mach-o.dylib"; name = libimobiledevice.6.dylib; path = dependencies/lib/libimobiledevice.6.dylib; sourceTree = "<group>"; };
		1915A4171F6178ED007B8036 /* libplist.3.dylib */ = {isa = PBXFileReference; lastKnownFileType = "compiled.mach-o.dylib"; name = libplist.3.dylib; path = dependencies/lib/libplist.3.dylib; sourceTree = "<group>"; };
		1915A41A1F617928007B8036 /* libimobiledevice_node.h */ = {isa = PBXFileReference; lastKnownFileType = sourcecode.c.h; path = libimobiledevice_node.h; sourceTree = "<group>"; };
		1915A41B1F61793B007B8036 /* libimobiledevice_node.cpp */ = {isa = PBXFileReference; fileEncoding = 4; lastKnownFileType = sourcecode.cpp.cpp; path = libimobiledevice_node.cpp; sourceTree = "<group>"; };
		1915A4211F618334007B8036 /* utils.c */ = {isa = PBXFileReference; fileEncoding = 4; lastKnownFileType = sourcecode.c.c; path = utils.c; sourceTree = "<group>"; };
		1915A4221F618334007B8036 /* utils.h */ = {isa = PBXFileReference; fileEncoding = 4; lastKnownFileType = sourcecode.c.h; path = utils.h; sourceTree = "<group>"; };
/* End PBXFileReference section */

/* Begin PBXFrameworksBuildPhase section */
		1915A3F71F61789C007B8036 /* Frameworks */ = {
			isa = PBXFrameworksBuildPhase;
			buildActionMask = 2147483647;
			files = (
				1915A4181F6178ED007B8036 /* libimobiledevice.6.dylib in Frameworks */,
				1915A4191F6178ED007B8036 /* libplist.3.dylib in Frameworks */,
			);
			runOnlyForDeploymentPostprocessing = 0;
		};
/* End PBXFrameworksBuildPhase section */

/* Begin PBXGroup section */
		1915A3F11F61789B007B8036 = {
			isa = PBXGroup;
			children = (
				1915A4011F6178BB007B8036 /* lib */,
				1915A3FB1F61789C007B8036 /* Products */,
				1915A4151F6178ED007B8036 /* Frameworks */,
			);
			sourceTree = "<group>";
		};
		1915A3FB1F61789C007B8036 /* Products */ = {
			isa = PBXGroup;
			children = (
				1915A3FA1F61789C007B8036 /* libimobiledevice-node.dylib */,
			);
			name = Products;
			sourceTree = "<group>";
		};
		1915A4011F6178BB007B8036 /* lib */ = {
			isa = PBXGroup;
			children = (
				1915A4201F618327007B8036 /* common */,
				1915A41A1F617928007B8036 /* libimobiledevice_node.h */,
				1915A41B1F61793B007B8036 /* libimobiledevice_node.cpp */,
			);
			path = lib;
			sourceTree = "<group>";
		};
		1915A4151F6178ED007B8036 /* Frameworks */ = {
			isa = PBXGroup;
			children = (
				1915A4161F6178ED007B8036 /* libimobiledevice.6.dylib */,
				1915A4171F6178ED007B8036 /* libplist.3.dylib */,
			);
			name = Frameworks;
			sourceTree = "<group>";
		};
		1915A4201F618327007B8036 /* common */ = {
			isa = PBXGroup;
			children = (
				1915A4211F618334007B8036 /* utils.c */,
				1915A4221F618334007B8036 /* utils.h */,
			);
			path = common;
			sourceTree = "<group>";
		};
/* End PBXGroup section */

/* Begin PBXHeadersBuildPhase section */
		1915A3F81F61789C007B8036 /* Headers */ = {
			isa = PBXHeadersBuildPhase;
			buildActionMask = 2147483647;
			files = (
				1915A4241F618334007B8036 /* utils.h in Headers */,
			);
			runOnlyForDeploymentPostprocessing = 0;
		};
/* End PBXHeadersBuildPhase section */

/* Begin PBXNativeTarget section */
		1915A3F91F61789C007B8036 /* imobiledevice-node */ = {
			isa = PBXNativeTarget;
			buildConfigurationList = 1915A3FE1F61789C007B8036 /* Build configuration list for PBXNativeTarget "imobiledevice-node" */;
			buildPhases = (
				1915A3F61F61789C007B8036 /* Sources */,
				1915A3F71F61789C007B8036 /* Frameworks */,
				1915A3F81F61789C007B8036 /* Headers */,
			);
			buildRules = (
			);
			dependencies = (
			);
			name = "imobiledevice-node";
			productName = "libimobiledevice-node";
			productReference = 1915A3FA1F61789C007B8036 /* libimobiledevice-node.dylib */;
			productType = "com.apple.product-type.library.dynamic";
		};
/* End PBXNativeTarget section */

/* Begin PBXProject section */
		1915A3F21F61789B007B8036 /* Project object */ = {
			isa = PBXProject;
			attributes = {
				LastUpgradeCheck = 0830;
				ORGANIZATIONNAME = Tatakua;
				TargetAttributes = {
					1915A3F91F61789C007B8036 = {
						CreatedOnToolsVersion = 8.3.3;
						DevelopmentTeam = T3223UKBY3;
						ProvisioningStyle = Automatic;
					};
				};
			};
			buildConfigurationList = 1915A3F51F61789B007B8036 /* Build configuration list for PBXProject "imobiledevice-node" */;
			compatibilityVersion = "Xcode 3.2";
			developmentRegion = English;
			hasScannedForEncodings = 0;
			knownRegions = (
				en,
			);
			mainGroup = 1915A3F11F61789B007B8036;
			productRefGroup = 1915A3FB1F61789C007B8036 /* Products */;
			projectDirPath = "";
			projectRoot = "";
			targets = (
				1915A3F91F61789C007B8036 /* imobiledevice-node */,
			);
		};
/* End PBXProject section */

/* Begin PBXSourcesBuildPhase section */
		1915A3F61F61789C007B8036 /* Sources */ = {
			isa = PBXSourcesBuildPhase;
			buildActionMask = 2147483647;
			files = (
				1915A41C1F61793B007B8036 /* libimobiledevice_node.cpp in Sources */,
				1915A4231F618334007B8036 /* utils.c in Sources */,
			);
			runOnlyForDeploymentPostprocessing = 0;
		};
/* End PBXSourcesBuildPhase section */

/* Begin XCBuildConfiguration section */
		1915A3FC1F61789C007B8036 /* Debug */ = {
			isa = XCBuildConfiguration;
			buildSettings = {
				ALWAYS_SEARCH_USER_PATHS = NO;
				CLANG_ANALYZER_NONNULL = YES;
				CLANG_ANALYZER_NUMBER_OBJECT_CONVERSION = YES_AGGRESSIVE;
				CLANG_CXX_LANGUAGE_STANDARD = "gnu++0x";
				CLANG_CXX_LIBRARY = "libc++";
				CLANG_ENABLE_MODULES = YES;
				CLANG_ENABLE_OBJC_ARC = YES;
				CLANG_WARN_BOOL_CONVERSION = YES;
				CLANG_WARN_CONSTANT_CONVERSION = YES;
				CLANG_WARN_DIRECT_OBJC_ISA_USAGE = YES_ERROR;
				CLANG_WARN_DOCUMENTATION_COMMENTS = YES;
				CLANG_WARN_EMPTY_BODY = YES;
				CLANG_WARN_ENUM_CONVERSION = YES;
				CLANG_WARN_INFINITE_RECURSION = YES;
				CLANG_WARN_INT_CONVERSION = YES;
				CLANG_WARN_OBJC_ROOT_CLASS = YES_ERROR;
				CLANG_WARN_SUSPICIOUS_MOVE = YES;
				CLANG_WARN_UNREACHABLE_CODE = YES;
				CLANG_WARN__DUPLICATE_METHOD_MATCH = YES;
				CODE_SIGN_IDENTITY = "-";
				COPY_PHASE_STRIP = NO;
				DEBUG_INFORMATION_FORMAT = dwarf;
				ENABLE_STRICT_OBJC_MSGSEND = YES;
				ENABLE_TESTABILITY = YES;
				GCC_C_LANGUAGE_STANDARD = gnu99;
				GCC_DYNAMIC_NO_PIC = NO;
				GCC_NO_COMMON_BLOCKS = YES;
				GCC_OPTIMIZATION_LEVEL = 0;
				GCC_PREPROCESSOR_DEFINITIONS = (
					"DEBUG=1",
					"$(inherited)",
				);
				GCC_WARN_64_TO_32_BIT_CONVERSION = YES;
				GCC_WARN_ABOUT_RETURN_TYPE = YES_ERROR;
				GCC_WARN_UNDECLARED_SELECTOR = YES;
				GCC_WARN_UNINITIALIZED_AUTOS = YES_AGGRESSIVE;
				GCC_WARN_UNUSED_FUNCTION = YES;
				GCC_WARN_UNUSED_VARIABLE = YES;
				MACOSX_DEPLOYMENT_TARGET = 10.12;
				MTL_ENABLE_DEBUG_INFO = YES;
				ONLY_ACTIVE_ARCH = YES;
				SDKROOT = macosx;
			};
			name = Debug;
		};
		1915A3FD1F61789C007B8036 /* Release */ = {
			isa = XCBuildConfiguration;
			buildSettings = {
				ALWAYS_SEARCH_USER_PATHS = NO;
				CLANG_ANALYZER_NONNULL = YES;
				CLANG_ANALYZER_NUMBER_OBJECT_CONVERSION = YES_AGGRESSIVE;
				CLANG_CXX_LANGUAGE_STANDARD = "gnu++0x";
				CLANG_CXX_LIBRARY = "libc++";
				CLANG_ENABLE_MODULES = YES;
				CLANG_ENABLE_OBJC_ARC = YES;
				CLANG_WARN_BOOL_CONVERSION = YES;
				CLANG_WARN_CONSTANT_CONVERSION = YES;
				CLANG_WARN_DIRECT_OBJC_ISA_USAGE = YES_ERROR;
				CLANG_WARN_DOCUMENTATION_COMMENTS = YES;
				CLANG_WARN_EMPTY_BODY = YES;
				CLANG_WARN_ENUM_CONVERSION = YES;
				CLANG_WARN_INFINITE_RECURSION = YES;
				CLANG_WARN_INT_CONVERSION = YES;
				CLANG_WARN_OBJC_ROOT_CLASS = YES_ERROR;
				CLANG_WARN_SUSPICIOUS_MOVE = YES;
				CLANG_WARN_UNREACHABLE_CODE = YES;
				CLANG_WARN__DUPLICATE_METHOD_MATCH = YES;
				CODE_SIGN_IDENTITY = "-";
				COPY_PHASE_STRIP = NO;
				DEBUG_INFORMATION_FORMAT = "dwarf-with-dsym";
				ENABLE_NS_ASSERTIONS = NO;
				ENABLE_STRICT_OBJC_MSGSEND = YES;
				GCC_C_LANGUAGE_STANDARD = gnu99;
				GCC_NO_COMMON_BLOCKS = YES;
				GCC_WARN_64_TO_32_BIT_CONVERSION = YES;
				GCC_WARN_ABOUT_RETURN_TYPE = YES_ERROR;
				GCC_WARN_UNDECLARED_SELECTOR = YES;
				GCC_WARN_UNINITIALIZED_AUTOS = YES_AGGRESSIVE;
				GCC_WARN_UNUSED_FUNCTION = YES;
				GCC_WARN_UNUSED_VARIABLE = YES;
				MACOSX_DEPLOYMENT_TARGET = 10.12;
				MTL_ENABLE_DEBUG_INFO = NO;
				SDKROOT = macosx;
			};
			name = Release;
		};
		1915A3FF1F61789C007B8036 /* Debug */ = {
			isa = XCBuildConfiguration;
			buildSettings = {
				DEVELOPMENT_TEAM = T3223UKBY3;
				DYLIB_COMPATIBILITY_VERSION = 1;
				DYLIB_CURRENT_VERSION = 1;
				DYLIB_INSTALL_NAME_BASE = "${PROJECT_DIR}/dependencies/lib";
				EXECUTABLE_PREFIX = lib;
				HEADER_SEARCH_PATHS = "$(PROJECT_DIR)/dependencies/include";
				INSTALL_PATH = "$(INSTALL_PATH)";
				LD_DYLIB_INSTALL_NAME = "$(DYLIB_INSTALL_NAME_BASE:standardizepath)/$(EXECUTABLE_PATH)";
				LIBRARY_SEARCH_PATHS = (
					"$(inherited)",
					"$(PROJECT_DIR)/dependencies/lib",
				);
				PRODUCT_NAME = "$(TARGET_NAME)";
			};
			name = Debug;
		};
		1915A4001F61789C007B8036 /* Release */ = {
			isa = XCBuildConfiguration;
			buildSettings = {
				DEVELOPMENT_TEAM = T3223UKBY3;
				DYLIB_COMPATIBILITY_VERSION = 1;
				DYLIB_CURRENT_VERSION = 1;
				DYLIB_INSTALL_NAME_BASE = "${PROJECT_DIR}/dependencies/lib";
				EXECUTABLE_PREFIX = lib;
				HEADER_SEARCH_PATHS = "$(PROJECT_DIR)/dependencies/include";
				INSTALL_PATH = "$(INSTALL_PATH)";
				LD_DYLIB_INSTALL_NAME = "$(DYLIB_INSTALL_NAME_BASE:standardizepath)/$(EXECUTABLE_PATH)";
				LIBRARY_SEARCH_PATHS = (
					"$(inherited)",
					"$(PROJECT_DIR)/dependencies/lib",
				);
				PRODUCT_NAME = "$(TARGET_NAME)";
			};
			name = Release;
		};
/* End XCBuildConfiguration section */

/* Begin XCConfigurationList section */
		1915A3F51F61789B007B8036 /* Build configuration list for PBXProject "imobiledevice-node" */ = {
			isa = XCConfigurationList;
			buildConfigurations = (
				1915A3FC1F61789C007B8036 /* Debug */,
				1915A3FD1F61789C007B8036 /* Release */,
			);
			defaultConfigurationIsVisible = 0;
			defaultConfigurationName = Release;
		};
		1915A3FE1F61789C007B8036 /* Build configuration list for PBXNativeTarget "imobiledevice-node" */ = {
			isa = XCConfigurationList;
			buildConfigurations = (
				1915A3FF1F61789C007B8036 /* Debug */,
				1915A4001F61789C007B8036 /* Release */,
			);
			defaultConfigurationIsVisible = 0;
			defaultConfigurationName = Release;
		};
/* End XCConfigurationList section */
	};
	rootObject = 1915A3F21F61789B007B8036 /* Project object */;
}
